{
    "_meta": {
        "hash": {
            "sha256": "c0d9677418712e4a4aa5385b091451e02ffd505f924654517042128a559e9840"
        },
        "pipfile-spec": 6,
        "requires": {
            "python_version": "3.9"
        },
        "sources": [
            {
                "name": "pypi",
                "url": "https://pypi.org/simple",
                "verify_ssl": true
            }
        ]
    },
    "default": {
        "certifi": {
            "hashes": [
                "sha256:78884e7c1d4b00ce3cea67b44566851c4343c120abd683433ce934a68ea58872",
                "sha256:d62a0163eb4c2344ac042ab2bdf75399a71a2d8c7d47eac2e2ee91b9d6339569"
            ],
            "version": "==2021.10.8"
        },
        "charset-normalizer": {
            "hashes": [
                "sha256:1eecaa09422db5be9e29d7fc65664e6c33bd06f9ced7838578ba40d58bdf3721",
                "sha256:b0b883e8e874edfdece9c28f314e3dd5badf067342e42fb162203335ae61aa2c"
            ],
            "markers": "python_version >= '3'",
            "version": "==2.0.9"
        },
        "dill": {
            "hashes": [
                "sha256:7e40e4a70304fd9ceab3535d36e58791d9c4a776b38ec7f7ec9afc8d3dca4d4f",
                "sha256:9f9734205146b2b353ab3fec9af0070237b6ddae78452af83d2fca84d739e675"
            ],
            "markers": "python_version >= '2.7' and python_version != '3.0'",
            "version": "==0.3.4"
        },
        "idna": {
            "hashes": [
                "sha256:84d9dd047ffa80596e0f246e2eab0b391788b0503584e8945f2368256d2735ff",
                "sha256:9d643ff0a55b762d5cdb124b8eaa99c66322e2157b69160bc32796e824360e6d"
            ],
            "markers": "python_version >= '3'",
            "version": "==3.3"
        },
        "multiprocess": {
            "hashes": [
                "sha256:0e0a5ae4bd84e4c22baddf824d3b8168214f8c1cce51e2cb080421cb1f7b04d1",
                "sha256:206bb9b97b73f87fec1ed15a19f8762950256aa84225450abc7150d02855a083",
                "sha256:35d41e410ca2a32977a483ae1f40f86b193b45cecf85567c2fae402fb8bf172e",
                "sha256:6aa67e805e50b6e9dfc56dd0f0c85ac3409e6791d4ec5405c5f9bc0a47d745a4",
                "sha256:6f812a1d3f198b7cacd63983f60e2dc1338bd4450893f90c435067b5a3127e6f",
                "sha256:85941e650c277af44fc82e3e97faacb920e5ce3615238b540cbad4012d6f60e9",
                "sha256:916a314a1e0f3454033d59672ba6181fa45948ab1091d68cdd479258576e7b27",
                "sha256:9a02237eae21975155c816883479f72e239d16823a6bc063173d59acec9bcf41",
                "sha256:a9f58945edb234591684c0a181b744a3231643814ef3a8f47cea9a2073b4b2bb",
                "sha256:b3f866f7d9c7acc1a9cb1b6063a29f5cb140ff545b35b71fd4bfdac6f19d75fa",
                "sha256:be3ad3eaf204abc646d85e70e41244f66d88200628a0ab867c8fc206b97cedbf",
                "sha256:c85ffc38c50c5a4f32f3f3c1a284725b7b5040188f254eba6e572c53d3da525b",
                "sha256:f12a939cd2f01d0a900e7ef2aaee3c351a49fd2297d7f760b537af22727561b8"
            ],
            "version": "==0.70.12.2"
        },
        "pathos": {
            "hashes": [
                "sha256:1f0f27a90f7ab66c423ba796529000fde9360d17b2d8e50097641ff405fc6f15",
                "sha256:789ae53487e5f9393fcc2b9703188a1b97f20206c429654134a7152f591bafe7"
            ],
            "index": "pypi",
            "version": "==0.2.8"
        },
        "pox": {
            "hashes": [
                "sha256:97a389cd1c6ed44dc6b934659f315d43336f7bde946a7977e770fd7e350a5395",
                "sha256:cb968350b186466bb4905a21084587ec3aa6fd7aa0ef55d416ee0d523e2abe31"
            ],
            "version": "==0.3.0"
        },
        "ppft": {
            "hashes": [
                "sha256:473442cc6731856990bd25bd6b454bb98720007de4523a73c560bdd0060463d2",
                "sha256:63d12035786dfd52e7a0fedcd75a498b68b80e6ac54720cd8a4282512608131c",
                "sha256:cbe543bbd4a661a21fda3fed3602d01c1dcfb8f0ac46816f1b7564996c5d86df"
            ],
            "version": "==1.6.6.4"
        },
        "requests": {
            "hashes": [
                "sha256:6c1246513ecd5ecd4528a0906f910e8f0f9c6b8ec72030dc9fd154dc1a6efd24",
                "sha256:b8aa58f8cf793ffd8782d3d8cb19e66ef36f7aba4353eec859e74678b01b07a7"
            ],
            "index": "pypi",
            "version": "==2.26.0"
        },
        "six": {
            "hashes": [
                "sha256:1e61c37477a1626458e36f7b1d82aa5c9b094fa4802892072e49de9c60c4c926",
                "sha256:8abb2f1d86890a2dfb989f9a77cfcfd3e47c2a354b01111771326f8aa26e0254"
            ],
            "markers": "python_version >= '2.7' and python_version not in '3.0, 3.1, 3.2, 3.3'",
            "version": "==1.16.0"
        },
        "termcolor": {
            "hashes": [
                "sha256:1d6d69ce66211143803fbc56652b41d73b4a400a2891d7bf7a1cdf4c02de613b"
            ],
            "index": "pypi",
            "version": "==1.1.0"
        },
        "urllib3": {
            "hashes": [
                "sha256:4987c65554f7a2dbf30c18fd48778ef124af6fab771a377103da0585e2336ece",
                "sha256:c4fdf4019605b6e5423637e01bc9fe4daef873709a7973e195ceba0a62bbc844"
            ],
            "markers": "python_version >= '2.7' and python_version not in '3.0, 3.1, 3.2, 3.3, 3.4' and python_version < '4'",
            "version": "==1.26.7"
        }
    },
    "develop": {
        "attrs": {
            "hashes": [
                "sha256:149e90d6d8ac20db7a955ad60cf0e6881a3f20d37096140088356da6c716b0b1",
                "sha256:ef6aaac3ca6cd92904cdd0d83f629a15f18053ec84e6432106f7a4d04ae4f5fb"
            ],
            "markers": "python_version >= '2.7' and python_version not in '3.0, 3.1, 3.2, 3.3, 3.4'",
            "version": "==21.2.0"
        },
        "black": {
            "hashes": [
                "sha256:77b80f693a569e2e527958459634f18df9b0ba2625ba4e0c2d5da5be42e6f2b3",
                "sha256:a615e69ae185e08fdd73e4715e260e2479c861b5740057fde6e8b4e3b7dd589f"
            ],
            "index": "pypi",
            "version": "==21.12b0"
        },
        "click": {
            "hashes": [
                "sha256:353f466495adaeb40b6b5f592f9f91cb22372351c84caeb068132442a4518ef3",
                "sha256:410e932b050f5eed773c4cda94de75971c89cdb3155a72a0831139a79e5ecb5b"
            ],
            "markers": "python_version >= '3.6'",
            "version": "==8.0.3"
        },
        "iniconfig": {
            "hashes": [
                "sha256:011e24c64b7f47f6ebd835bb12a743f2fbe9a26d4cecaa7f53bc4f35ee9da8b3",
                "sha256:bc3af051d7d14b2ee5ef9969666def0cd1a000e121eaea580d4a313df4b37f32"
            ],
            "version": "==1.1.1"
        },
        "mypy-extensions": {
            "hashes": [
                "sha256:090fedd75945a69ae91ce1303b5824f428daf5a028d2f6ab8a299250a846f15d",
                "sha256:2d82818f5bb3e369420cb3c4060a7970edba416647068eb4c5343488a6c604a8"
            ],
            "version": "==0.4.3"
        },
        "packaging": {
            "hashes": [
                "sha256:dd47c42927d89ab911e606518907cc2d3a1f38bbd026385970643f9c5b8ecfeb",
                "sha256:ef103e05f519cdc783ae24ea4e2e0f508a9c99b2d4969652eed6a2e1ea5bd522"
            ],
            "markers": "python_version >= '3.6'",
            "version": "==21.3"
        },
        "pathspec": {
            "hashes": [
                "sha256:7d15c4ddb0b5c802d161efc417ec1a2558ea2653c2e8ad9c19098201dc1c993a",
                "sha256:e564499435a2673d586f6b2130bb5b95f04a3ba06f81b8f895b651a3c76aabb1"
            ],
            "version": "==0.9.0"
        },
        "platformdirs": {
            "hashes": [
                "sha256:367a5e80b3d04d2428ffa76d33f124cf11e8fff2acdaa9b43d545f5c7d661ef2",
                "sha256:8868bbe3c3c80d42f20156f22e7131d2fb321f5bc86a2a345375c6481a67021d"
            ],
            "markers": "python_version >= '3.6'",
            "version": "==2.4.0"
        },
        "pluggy": {
            "hashes": [
                "sha256:4224373bacce55f955a878bf9cfa763c1e360858e330072059e10bad68531159",
                "sha256:74134bbf457f031a36d68416e1509f34bd5ccc019f0bcc952c7b909d06b37bd3"
            ],
            "markers": "python_version >= '3.6'",
            "version": "==1.0.0"
        },
        "py": {
            "hashes": [
                "sha256:51c75c4126074b472f746a24399ad32f6053d1b34b68d2fa41e558e6f4a98719",
                "sha256:607c53218732647dff4acdfcd50cb62615cedf612e72d1724fb1a0cc6405b378"
            ],
            "markers": "python_version >= '2.7' and python_version not in '3.0, 3.1, 3.2, 3.3, 3.4'",
            "version": "==1.11.0"
        },
        "pyparsing": {
            "hashes": [
                "sha256:04ff808a5b90911829c55c4e26f75fa5ca8a2f5f36aa3a51f68e27033341d3e4",
                "sha256:d9bdec0013ef1eb5a84ab39a3b3868911598afa494f5faa038647101504e2b81"
            ],
            "markers": "python_version >= '3.6'",
            "version": "==3.0.6"
        },
        "pytest": {
            "hashes": [
                "sha256:8fc363e0b7407a9397e660ef81e1634e4504faaeb6ad1d2416da4c38d29a0f45",
                "sha256:e1af71303d633af3376130b388e028342815cff74d2f3be4aeb22f3fd94325e6"
            ],
            "index": "pypi",
            "version": "==7.0.0rc1"
        },
        "tomli": {
            "hashes": [
                "sha256:c6ce0015eb38820eaf32b5db832dbc26deb3dd427bd5f6556cf0acac2c214fee",
                "sha256:f04066f68f5554911363063a30b108d2b5a5b1a010aa8b6132af78489fe3aade"
            ],
            "markers": "python_version >= '3.6'",
            "version": "==1.2.2"
        },
        "typing-extensions": {
            "hashes": [
                "sha256:4ca091dea149f945ec56afb48dae714f21e8692ef22a395223bcd328961b6a0e",
                "sha256:7f001e5ac290a0c0401508864c7ec868be4e701886d5b573a9528ed3973d9d3b"
            ],
            "markers": "python_version >= '3.6'",
            "version": "==4.0.1"
        }
    }
}
